
Microsoft Visual Studio Solution File, Format Version 12.00
# Visual Studio Version 16
VisualStudioVersion = 16.0.29215.179
MinimumVisualStudioVersion = 10.0.40219.1
Project("{FAE04EC0-301F-11D3-BF4B-00C04F79EFBC}") = "PersonalMovieManagement", "PersonalMovieManagement\PersonalMovieManagement.csproj", "{626A56E0-20D2-4493-9468-7EF32DF7B857}"
EndProject
Project("{FAE04EC0-301F-11D3-BF4B-00C04F79EFBC}") = "PMM.Service", "PMM.Service\PMM.Service.csproj", "{9BDE8EE7-5C95-4C4B-AA6F-1C7F63217D13}"
EndProject
Project("{FAE04EC0-301F-11D3-BF4B-00C04F79EFBC}") = "PMM.DataAccess", "PMM.DataAccess\PMM.DataAccess.csproj", "{7ACBE038-7B29-4A63-8B0C-53B4F9531C92}"
EndProject
Project("{FAE04EC0-301F-11D3-BF4B-00C04F79EFBC}") = "PMM.ORM", "PMM.ORM\PMM.ORM.csproj", "{A835BFB3-13C8-473F-82B3-807F7FA45310}"
EndProject
Project("{FAE04EC0-301F-11D3-BF4B-00C04F79EFBC}") = "PMM.DTO", "PMM.DTO\PMM.DTO.csproj", "{F0634E10-E89B-424B-BC40-69B0FFD7ADE5}"
EndProject
Global
	GlobalSection(SolutionConfigurationPlatforms) = preSolution
		Debug|Any CPU = Debug|Any CPU
		Release|Any CPU = Release|Any CPU
	EndGlobalSection
	GlobalSection(ProjectConfigurationPlatforms) = postSolution
		{626A56E0-20D2-4493-9468-7EF32DF7B857}.Debug|Any CPU.ActiveCfg = Debug|Any CPU
		{626A56E0-20D2-4493-9468-7EF32DF7B857}.Debug|Any CPU.Build.0 = Debug|Any CPU
		{626A56E0-20D2-4493-9468-7EF32DF7B857}.Release|Any CPU.ActiveCfg = Release|Any CPU
		{626A56E0-20D2-4493-9468-7EF32DF7B857}.Release|Any CPU.Build.0 = Release|Any CPU
		{9BDE8EE7-5C95-4C4B-AA6F-1C7F63217D13}.Debug|Any CPU.ActiveCfg = Debug|Any CPU
		{9BDE8EE7-5C95-4C4B-AA6F-1C7F63217D13}.Debug|Any CPU.Build.0 = Debug|Any CPU
		{9BDE8EE7-5C95-4C4B-AA6F-1C7F63217D13}.Release|Any CPU.ActiveCfg = Release|Any CPU
		{9BDE8EE7-5C95-4C4B-AA6F-1C7F63217D13}.Release|Any CPU.Build.0 = Release|Any CPU
		{7ACBE038-7B29-4A63-8B0C-53B4F9531C92}.Debug|Any CPU.ActiveCfg = Debug|Any CPU
		{7ACBE038-7B29-4A63-8B0C-53B4F9531C92}.Debug|Any CPU.Build.0 = Debug|Any CPU
		{7ACBE038-7B29-4A63-8B0C-53B4F9531C92}.Release|Any CPU.ActiveCfg = Release|Any CPU
		{7ACBE038-7B29-4A63-8B0C-53B4F9531C92}.Release|Any CPU.Build.0 = Release|Any CPU
		{A835BFB3-13C8-473F-82B3-807F7FA45310}.Debug|Any CPU.ActiveCfg = Debug|Any CPU
		{A835BFB3-13C8-473F-82B3-807F7FA45310}.Debug|Any CPU.Build.0 = Debug|Any CPU
		{A835BFB3-13C8-473F-82B3-807F7FA45310}.Release|Any CPU.ActiveCfg = Release|Any CPU
		{A835BFB3-13C8-473F-82B3-807F7FA45310}.Release|Any CPU.Build.0 = Release|Any CPU
		{F0634E10-E89B-424B-BC40-69B0FFD7ADE5}.Debug|Any CPU.ActiveCfg = Debug|Any CPU
		{F0634E10-E89B-424B-BC40-69B0FFD7ADE5}.Debug|Any CPU.Build.0 = Debug|Any CPU
		{F0634E10-E89B-424B-BC40-69B0FFD7ADE5}.Release|Any CPU.ActiveCfg = Release|Any CPU
		{F0634E10-E89B-424B-BC40-69B0FFD7ADE5}.Release|Any CPU.Build.0 = Release|Any CPU
	EndGlobalSection
	GlobalSection(SolutionProperties) = preSolution
		HideSolutionNode = FALSE
	EndGlobalSection
	GlobalSection(ExtensibilityGlobals) = postSolution
		SolutionGuid = {B438CE39-C05C-4631-97AE-199CEE5367B0}
	EndGlobalSection
EndGlobal
